// !$*UTF8*$!
{
	archiveVersion = 1;
	classes = {
	};
	objectVersion = 48;
	objects = {

/* Begin PBXBuildFile section */
		AE1A87603229AC828A427077 /* Pods_producthuntTests.framework in Frameworks */ = {isa = PBXBuildFile; fileRef = E0BE6F7392A6C44434DE1010 /* Pods_producthuntTests.framework */; };
		BCAC45CB1FDAA80B002337B3 /* AppDelegate.swift in Sources */ = {isa = PBXBuildFile; fileRef = BCAC45CA1FDAA80B002337B3 /* AppDelegate.swift */; };
		BCAC45D01FDAA80B002337B3 /* Main.storyboard in Resources */ = {isa = PBXBuildFile; fileRef = BCAC45CE1FDAA80B002337B3 /* Main.storyboard */; };
		BCAC45D21FDAA80B002337B3 /* Assets.xcassets in Resources */ = {isa = PBXBuildFile; fileRef = BCAC45D11FDAA80B002337B3 /* Assets.xcassets */; };
		BCAC45D51FDAA80B002337B3 /* LaunchScreen.storyboard in Resources */ = {isa = PBXBuildFile; fileRef = BCAC45D31FDAA80B002337B3 /* LaunchScreen.storyboard */; };
		BCAC45E01FDAA80B002337B3 /* producthuntTests.swift in Sources */ = {isa = PBXBuildFile; fileRef = BCAC45DF1FDAA80B002337B3 /* producthuntTests.swift */; };
		BCAC45EE1FDAAAA3002337B3 /* HTTP.swift in Sources */ = {isa = PBXBuildFile; fileRef = BCAC45ED1FDAAAA3002337B3 /* HTTP.swift */; };
		BCAC45F21FDAB9E2002337B3 /* Topic.swift in Sources */ = {isa = PBXBuildFile; fileRef = BCAC45F11FDAB9E2002337B3 /* Topic.swift */; };
		BCAC45F41FDABA30002337B3 /* Post.swift in Sources */ = {isa = PBXBuildFile; fileRef = BCAC45F31FDABA30002337B3 /* Post.swift */; };
		BCAC45F61FDABCCD002337B3 /* ProductsTableViewController.swift in Sources */ = {isa = PBXBuildFile; fileRef = BCAC45F51FDABCCD002337B3 /* ProductsTableViewController.swift */; };
		BCAC45F81FDAC537002337B3 /* TopicsTableViewController.swift in Sources */ = {isa = PBXBuildFile; fileRef = BCAC45F71FDAC537002337B3 /* TopicsTableViewController.swift */; };
		BCAC45FA1FDAC6C6002337B3 /* Settings.swift in Sources */ = {isa = PBXBuildFile; fileRef = BCAC45F91FDAC6C6002337B3 /* Settings.swift */; };
		BCAC45FD1FDAD08E002337B3 /* PostCell.swift in Sources */ = {isa = PBXBuildFile; fileRef = BCAC45FC1FDAD08E002337B3 /* PostCell.swift */; };
		FCB0E55849F1F6C22836C2AB /* Pods_producthunt.framework in Frameworks */ = {isa = PBXBuildFile; fileRef = C910DFA8960209D0D95B2A54 /* Pods_producthunt.framework */; };
/* End PBXBuildFile section */

/* Begin PBXContainerItemProxy section */
		BCAC45DC1FDAA80B002337B3 /* PBXContainerItemProxy */ = {
			isa = PBXContainerItemProxy;
			containerPortal = BCAC45BF1FDAA80B002337B3 /* Project object */;
			proxyType = 1;
			remoteGlobalIDString = BCAC45C61FDAA80B002337B3;
			remoteInfo = producthunt;
		};
/* End PBXContainerItemProxy section */

/* Begin PBXFileReference section */
		37D137F4F1E027512D9CB076 /* Pods-producthuntTests.release.xcconfig */ = {isa = PBXFileReference; includeInIndex = 1; lastKnownFileType = text.xcconfig; name = "Pods-producthuntTests.release.xcconfig"; path = "Pods/Target Support Files/Pods-producthuntTests/Pods-producthuntTests.release.xcconfig"; sourceTree = "<group>"; };
		950F905DA8215F2DB8E804AB /* Pods-producthunt.debug.xcconfig */ = {isa = PBXFileReference; includeInIndex = 1; lastKnownFileType = text.xcconfig; name = "Pods-producthunt.debug.xcconfig"; path = "Pods/Target Support Files/Pods-producthunt/Pods-producthunt.debug.xcconfig"; sourceTree = "<group>"; };
		BCAC45C71FDAA80B002337B3 /* producthunt.app */ = {isa = PBXFileReference; explicitFileType = wrapper.application; includeInIndex = 0; path = producthunt.app; sourceTree = BUILT_PRODUCTS_DIR; };
		BCAC45CA1FDAA80B002337B3 /* AppDelegate.swift */ = {isa = PBXFileReference; lastKnownFileType = sourcecode.swift; path = AppDelegate.swift; sourceTree = "<group>"; };
		BCAC45CF1FDAA80B002337B3 /* Base */ = {isa = PBXFileReference; lastKnownFileType = file.storyboard; name = Base; path = Base.lproj/Main.storyboard; sourceTree = "<group>"; };
		BCAC45D11FDAA80B002337B3 /* Assets.xcassets */ = {isa = PBXFileReference; lastKnownFileType = folder.assetcatalog; path = Assets.xcassets; sourceTree = "<group>"; };
		BCAC45D41FDAA80B002337B3 /* Base */ = {isa = PBXFileReference; lastKnownFileType = file.storyboard; name = Base; path = Base.lproj/LaunchScreen.storyboard; sourceTree = "<group>"; };
		BCAC45D61FDAA80B002337B3 /* Info.plist */ = {isa = PBXFileReference; lastKnownFileType = text.plist.xml; path = Info.plist; sourceTree = "<group>"; };
		BCAC45DB1FDAA80B002337B3 /* producthuntTests.xctest */ = {isa = PBXFileReference; explicitFileType = wrapper.cfbundle; includeInIndex = 0; path = producthuntTests.xctest; sourceTree = BUILT_PRODUCTS_DIR; };
		BCAC45DF1FDAA80B002337B3 /* producthuntTests.swift */ = {isa = PBXFileReference; lastKnownFileType = sourcecode.swift; path = producthuntTests.swift; sourceTree = "<group>"; };
		BCAC45E11FDAA80B002337B3 /* Info.plist */ = {isa = PBXFileReference; lastKnownFileType = text.plist.xml; path = Info.plist; sourceTree = "<group>"; };
		BCAC45ED1FDAAAA3002337B3 /* HTTP.swift */ = {isa = PBXFileReference; lastKnownFileType = sourcecode.swift; path = HTTP.swift; sourceTree = "<group>"; };
		BCAC45F11FDAB9E2002337B3 /* Topic.swift */ = {isa = PBXFileReference; lastKnownFileType = sourcecode.swift; path = Topic.swift; sourceTree = "<group>"; };
		BCAC45F31FDABA30002337B3 /* Post.swift */ = {isa = PBXFileReference; lastKnownFileType = sourcecode.swift; path = Post.swift; sourceTree = "<group>"; };
		BCAC45F51FDABCCD002337B3 /* ProductsTableViewController.swift */ = {isa = PBXFileReference; lastKnownFileType = sourcecode.swift; path = ProductsTableViewController.swift; sourceTree = "<group>"; };
		BCAC45F71FDAC537002337B3 /* TopicsTableViewController.swift */ = {isa = PBXFileReference; lastKnownFileType = sourcecode.swift; path = TopicsTableViewController.swift; sourceTree = "<group>"; };
		BCAC45F91FDAC6C6002337B3 /* Settings.swift */ = {isa = PBXFileReference; lastKnownFileType = sourcecode.swift; path = Settings.swift; sourceTree = "<group>"; };
		BCAC45FC1FDAD08E002337B3 /* PostCell.swift */ = {isa = PBXFileReference; lastKnownFileType = sourcecode.swift; path = PostCell.swift; sourceTree = "<group>"; };
		C08F94E3693D652DCBA76911 /* Pods-producthunt.release.xcconfig */ = {isa = PBXFileReference; includeInIndex = 1; lastKnownFileType = text.xcconfig; name = "Pods-producthunt.release.xcconfig"; path = "Pods/Target Support Files/Pods-producthunt/Pods-producthunt.release.xcconfig"; sourceTree = "<group>"; };
		C910DFA8960209D0D95B2A54 /* Pods_producthunt.framework */ = {isa = PBXFileReference; explicitFileType = wrapper.framework; includeInIndex = 0; path = Pods_producthunt.framework; sourceTree = BUILT_PRODUCTS_DIR; };
		E0BE6F7392A6C44434DE1010 /* Pods_producthuntTests.framework */ = {isa = PBXFileReference; explicitFileType = wrapper.framework; includeInIndex = 0; path = Pods_producthuntTests.framework; sourceTree = BUILT_PRODUCTS_DIR; };
		FAE6F57E1FCF7934768F9F4D /* Pods-producthuntTests.debug.xcconfig */ = {isa = PBXFileReference; includeInIndex = 1; lastKnownFileType = text.xcconfig; name = "Pods-producthuntTests.debug.xcconfig"; path = "Pods/Target Support Files/Pods-producthuntTests/Pods-producthuntTests.debug.xcconfig"; sourceTree = "<group>"; };
/* End PBXFileReference section */

/* Begin PBXFrameworksBuildPhase section */
		BCAC45C41FDAA80B002337B3 /* Frameworks */ = {
			isa = PBXFrameworksBuildPhase;
			buildActionMask = 2147483647;
			files = (
				FCB0E55849F1F6C22836C2AB /* Pods_producthunt.framework in Frameworks */,
			);
			runOnlyForDeploymentPostprocessing = 0;
		};
		BCAC45D81FDAA80B002337B3 /* Frameworks */ = {
			isa = PBXFrameworksBuildPhase;
			buildActionMask = 2147483647;
			files = (
				AE1A87603229AC828A427077 /* Pods_producthuntTests.framework in Frameworks */,
			);
			runOnlyForDeploymentPostprocessing = 0;
		};
/* End PBXFrameworksBuildPhase section */

/* Begin PBXGroup section */
		6BF95B4AD2F214FB7E5B1C31 /* Pods */ = {
			isa = PBXGroup;
			children = (
				950F905DA8215F2DB8E804AB /* Pods-producthunt.debug.xcconfig */,
				C08F94E3693D652DCBA76911 /* Pods-producthunt.release.xcconfig */,
				FAE6F57E1FCF7934768F9F4D /* Pods-producthuntTests.debug.xcconfig */,
				37D137F4F1E027512D9CB076 /* Pods-producthuntTests.release.xcconfig */,
			);
			name = Pods;
			sourceTree = "<group>";
		};
		B0415AD20DB024EA76F66E8A /* Frameworks */ = {
			isa = PBXGroup;
			children = (
				C910DFA8960209D0D95B2A54 /* Pods_producthunt.framework */,
				E0BE6F7392A6C44434DE1010 /* Pods_producthuntTests.framework */,
			);
			name = Frameworks;
			sourceTree = "<group>";
		};
		BCAC45BE1FDAA80B002337B3 = {
			isa = PBXGroup;
			children = (
				BCAC45C91FDAA80B002337B3 /* producthunt */,
				BCAC45DE1FDAA80B002337B3 /* producthuntTests */,
				BCAC45C81FDAA80B002337B3 /* Products */,
				6BF95B4AD2F214FB7E5B1C31 /* Pods */,
				B0415AD20DB024EA76F66E8A /* Frameworks */,
			);
			sourceTree = "<group>";
		};
		BCAC45C81FDAA80B002337B3 /* Products */ = {
			isa = PBXGroup;
			children = (
				BCAC45C71FDAA80B002337B3 /* producthunt.app */,
				BCAC45DB1FDAA80B002337B3 /* producthuntTests.xctest */,
			);
			name = Products;
			sourceTree = "<group>";
		};
		BCAC45C91FDAA80B002337B3 /* producthunt */ = {
			isa = PBXGroup;
			children = (
				BCAC45EC1FDAA999002337B3 /* Services */,
				BCAC45EA1FDAA94B002337B3 /* Models */,
				BCAC45FB1FDAD043002337B3 /* Views */,
				BCAC45EB1FDAA957002337B3 /* ViewControllers */,
				BCAC45CA1FDAA80B002337B3 /* AppDelegate.swift */,
				BCAC45CE1FDAA80B002337B3 /* Main.storyboard */,
				BCAC45D11FDAA80B002337B3 /* Assets.xcassets */,
				BCAC45D31FDAA80B002337B3 /* LaunchScreen.storyboard */,
				BCAC45D61FDAA80B002337B3 /* Info.plist */,
			);
			path = producthunt;
			sourceTree = "<group>";
		};
		BCAC45DE1FDAA80B002337B3 /* producthuntTests */ = {
			isa = PBXGroup;
			children = (
				BCAC45DF1FDAA80B002337B3 /* producthuntTests.swift */,
				BCAC45E11FDAA80B002337B3 /* Info.plist */,
			);
			path = producthuntTests;
			sourceTree = "<group>";
		};
		BCAC45EA1FDAA94B002337B3 /* Models */ = {
			isa = PBXGroup;
			children = (
				BCAC45F11FDAB9E2002337B3 /* Topic.swift */,
				BCAC45F31FDABA30002337B3 /* Post.swift */,
			);
			path = Models;
			sourceTree = "<group>";
		};
		BCAC45EB1FDAA957002337B3 /* ViewControllers */ = {
			isa = PBXGroup;
			children = (
				BCAC45F51FDABCCD002337B3 /* ProductsTableViewController.swift */,
				BCAC45F71FDAC537002337B3 /* TopicsTableViewController.swift */,
			);
			path = ViewControllers;
			sourceTree = "<group>";
		};
		BCAC45EC1FDAA999002337B3 /* Services */ = {
			isa = PBXGroup;
			children = (
				BCAC45ED1FDAAAA3002337B3 /* HTTP.swift */,
				BCAC45F91FDAC6C6002337B3 /* Settings.swift */,
			);
			path = Services;
			sourceTree = "<group>";
		};
		BCAC45FB1FDAD043002337B3 /* Views */ = {
			isa = PBXGroup;
			children = (
				BCAC45FC1FDAD08E002337B3 /* PostCell.swift */,
			);
			path = Views;
			sourceTree = "<group>";
		};
/* End PBXGroup section */

/* Begin PBXNativeTarget section */
		BCAC45C61FDAA80B002337B3 /* producthunt */ = {
			isa = PBXNativeTarget;
			buildConfigurationList = BCAC45E41FDAA80B002337B3 /* Build configuration list for PBXNativeTarget "producthunt" */;
			buildPhases = (
				F4F13B09DC5F870F64C58BF1 /* [CP] Check Pods Manifest.lock */,
				BCAC45C31FDAA80B002337B3 /* Sources */,
				BCAC45C41FDAA80B002337B3 /* Frameworks */,
				BCAC45C51FDAA80B002337B3 /* Resources */,
				46AD5093EA2A019A2AB04C4A /* [CP] Embed Pods Frameworks */,
				2BDE0536D51D60CC345C92D3 /* [CP] Copy Pods Resources */,
			);
			buildRules = (
			);
			dependencies = (
			);
			name = producthunt;
			productName = producthunt;
			productReference = BCAC45C71FDAA80B002337B3 /* producthunt.app */;
			productType = "com.apple.product-type.application";
		};
		BCAC45DA1FDAA80B002337B3 /* producthuntTests */ = {
			isa = PBXNativeTarget;
			buildConfigurationList = BCAC45E71FDAA80B002337B3 /* Build configuration list for PBXNativeTarget "producthuntTests" */;
			buildPhases = (
				EF0CCDBFB1097A36F263F233 /* [CP] Check Pods Manifest.lock */,
				BCAC45D71FDAA80B002337B3 /* Sources */,
				BCAC45D81FDAA80B002337B3 /* Frameworks */,
				BCAC45D91FDAA80B002337B3 /* Resources */,
				5918941F0627742B70F7EC1C /* [CP] Embed Pods Frameworks */,
				9A9F12671F4446DB2AF1633A /* [CP] Copy Pods Resources */,
			);
			buildRules = (
			);
			dependencies = (
				BCAC45DD1FDAA80B002337B3 /* PBXTargetDependency */,
			);
			name = producthuntTests;
			productName = producthuntTests;
			productReference = BCAC45DB1FDAA80B002337B3 /* producthuntTests.xctest */;
			productType = "com.apple.product-type.bundle.unit-test";
		};
/* End PBXNativeTarget section */

/* Begin PBXProject section */
		BCAC45BF1FDAA80B002337B3 /* Project object */ = {
			isa = PBXProject;
			attributes = {
				LastSwiftUpdateCheck = 0920;
				LastUpgradeCheck = 0920;
				ORGANIZATIONNAME = "Chung Tran";
				TargetAttributes = {
					BCAC45C61FDAA80B002337B3 = {
						CreatedOnToolsVersion = 9.2;
						ProvisioningStyle = Automatic;
					};
					BCAC45DA1FDAA80B002337B3 = {
						CreatedOnToolsVersion = 9.2;
						ProvisioningStyle = Automatic;
						TestTargetID = BCAC45C61FDAA80B002337B3;
					};
				};
			};
			buildConfigurationList = BCAC45C21FDAA80B002337B3 /* Build configuration list for PBXProject "producthunt" */;
			compatibilityVersion = "Xcode 8.0";
			developmentRegion = en;
			hasScannedForEncodings = 0;
			knownRegions = (
				en,
				Base,
			);
			mainGroup = BCAC45BE1FDAA80B002337B3;
			productRefGroup = BCAC45C81FDAA80B002337B3 /* Products */;
			projectDirPath = "";
			projectRoot = "";
			targets = (
				BCAC45C61FDAA80B002337B3 /* producthunt */,
				BCAC45DA1FDAA80B002337B3 /* producthuntTests */,
			);
		};
/* End PBXProject section */

/* Begin PBXResourcesBuildPhase section */
		BCAC45C51FDAA80B002337B3 /* Resources */ = {
			isa = PBXResourcesBuildPhase;
			buildActionMask = 2147483647;
			files = (
				BCAC45D51FDAA80B002337B3 /* LaunchScreen.storyboard in Resources */,
				BCAC45D21FDAA80B002337B3 /* Assets.xcassets in Resources */,
				BCAC45D01FDAA80B002337B3 /* Main.storyboard in Resources */,
			);
			runOnlyForDeploymentPostprocessing = 0;
		};
		BCAC45D91FDAA80B002337B3 /* Resources */ = {
			isa = PBXResourcesBuildPhase;
			buildActionMask = 2147483647;
			files = (
			);
			runOnlyForDeploymentPostprocessing = 0;
		};
/* End PBXResourcesBuildPhase section */

/* Begin PBXShellScriptBuildPhase section */
		2BDE0536D51D60CC345C92D3 /* [CP] Copy Pods Resources */ = {
			isa = PBXShellScriptBuildPhase;
			buildActionMask = 2147483647;
			files = (
			);
			inputPaths = (
			);
			name = "[CP] Copy Pods Resources";
			outputPaths = (
			);
			runOnlyForDeploymentPostprocessing = 0;
			shellPath = /bin/sh;
			shellScript = "\"${SRCROOT}/Pods/Target Support Files/Pods-producthunt/Pods-producthunt-resources.sh\"\n";
			showEnvVarsInLog = 0;
		};
		46AD5093EA2A019A2AB04C4A /* [CP] Embed Pods Frameworks */ = {
			isa = PBXShellScriptBuildPhase;
			buildActionMask = 2147483647;
			files = (
			);
			inputPaths = (
				"${SRCROOT}/Pods/Target Support Files/Pods-producthunt/Pods-producthunt-frameworks.sh",
				"${BUILT_PRODUCTS_DIR}/Alamofire/Alamofire.framework",
				"${BUILT_PRODUCTS_DIR}/SDWebImage/SDWebImage.framework",
				"${BUILT_PRODUCTS_DIR}/SwiftyJSON/SwiftyJSON.framework",
			);
			name = "[CP] Embed Pods Frameworks";
			outputPaths = (
				"${TARGET_BUILD_DIR}/${FRAMEWORKS_FOLDER_PATH}/Alamofire.framework",
				"${TARGET_BUILD_DIR}/${FRAMEWORKS_FOLDER_PATH}/SDWebImage.framework",
				"${TARGET_BUILD_DIR}/${FRAMEWORKS_FOLDER_PATH}/SwiftyJSON.framework",
			);
			runOnlyForDeploymentPostprocessing = 0;
			shellPath = /bin/sh;
			shellScript = "\"${SRCROOT}/Pods/Target Support Files/Pods-producthunt/Pods-producthunt-frameworks.sh\"\n";
			showEnvVarsInLog = 0;
		};
		5918941F0627742B70F7EC1C /* [CP] Embed Pods Frameworks */ = {
			isa = PBXShellScriptBuildPhase;
			buildActionMask = 2147483647;
			files = (
			);
			inputPaths = (
			);
			name = "[CP] Embed Pods Frameworks";
			outputPaths = (
			);
			runOnlyForDeploymentPostprocessing = 0;
			shellPath = /bin/sh;
			shellScript = "\"${SRCROOT}/Pods/Target Support Files/Pods-producthuntTests/Pods-producthuntTests-frameworks.sh\"\n";
			showEnvVarsInLog = 0;
		};
		9A9F12671F4446DB2AF1633A /* [CP] Copy Pods Resources */ = {
			isa = PBXShellScriptBuildPhase;
			buildActionMask = 2147483647;
			files = (
			);
			inputPaths = (
			);
			name = "[CP] Copy Pods Resources";
			outputPaths = (
			);
			runOnlyForDeploymentPostprocessing = 0;
			shellPath = /bin/sh;
			shellScript = "\"${SRCROOT}/Pods/Target Support Files/Pods-producthuntTests/Pods-producthuntTests-resources.sh\"\n";
			showEnvVarsInLog = 0;
		};
		EF0CCDBFB1097A36F263F233 /* [CP] Check Pods Manifest.lock */ = {
			isa = PBXShellScriptBuildPhase;
			buildActionMask = 2147483647;
			files = (
			);
			inputPaths = (
				"${PODS_PODFILE_DIR_PATH}/Podfile.lock",
				"${PODS_ROOT}/Manifest.lock",
			);
			name = "[CP] Check Pods Manifest.lock";
			outputPaths = (
				"$(DERIVED_FILE_DIR)/Pods-producthuntTests-checkManifestLockResult.txt",
			);
			runOnlyForDeploymentPostprocessing = 0;
			shellPath = /bin/sh;
			shellScript = "diff \"${PODS_PODFILE_DIR_PATH}/Podfile.lock\" \"${PODS_ROOT}/Manifest.lock\" > /dev/null\nif [ $? != 0 ] ; then\n    # print error to STDERR\n    echo \"error: The sandbox is not in sync with the Podfile.lock. Run 'pod install' or update your CocoaPods installation.\" >&2\n    exit 1\nfi\n# This output is used by Xcode 'outputs' to avoid re-running this script phase.\necho \"SUCCESS\" > \"${SCRIPT_OUTPUT_FILE_0}\"\n";
			showEnvVarsInLog = 0;
		};
		F4F13B09DC5F870F64C58BF1 /* [CP] Check Pods Manifest.lock */ = {
			isa = PBXShellScriptBuildPhase;
			buildActionMask = 2147483647;
			files = (
			);
			inputPaths = (
				"${PODS_PODFILE_DIR_PATH}/Podfile.lock",
				"${PODS_ROOT}/Manifest.lock",
			);
			name = "[CP] Check Pods Manifest.lock";
			outputPaths = (
				"$(DERIVED_FILE_DIR)/Pods-producthunt-checkManifestLockResult.txt",
			);
			runOnlyForDeploymentPostprocessing = 0;
			shellPath = /bin/sh;
			shellScript = "diff \"${PODS_PODFILE_DIR_PATH}/Podfile.lock\" \"${PODS_ROOT}/Manifest.lock\" > /dev/null\nif [ $? != 0 ] ; then\n    # print error to STDERR\n    echo \"error: The sandbox is not in sync with the Podfile.lock. Run 'pod install' or update your CocoaPods installation.\" >&2\n    exit 1\nfi\n# This output is used by Xcode 'outputs' to avoid re-running this script phase.\necho \"SUCCESS\" > \"${SCRIPT_OUTPUT_FILE_0}\"\n";
			showEnvVarsInLog = 0;
		};
/* End PBXShellScriptBuildPhase section */

/* Begin PBXSourcesBuildPhase section */
		BCAC45C31FDAA80B002337B3 /* Sources */ = {
			isa = PBXSourcesBuildPhase;
			buildActionMask = 2147483647;
			files = (
				BCAC45EE1FDAAAA3002337B3 /* HTTP.swift in Sources */,
				BCAC45F21FDAB9E2002337B3 /* Topic.swift in Sources */,
				BCAC45CB1FDAA80B002337B3 /* AppDelegate.swift in Sources */,
				BCAC45F81FDAC537002337B3 /* TopicsTableViewController.swift in Sources */,
				BCAC45FA1FDAC6C6002337B3 /* Settings.swift in Sources */,
				BCAC45F41FDABA30002337B3 /* Post.swift in Sources */,
				BCAC45F61FDABCCD002337B3 /* ProductsTableViewController.swift in Sources */,
				BCAC45FD1FDAD08E002337B3 /* PostCell.swift in Sources */,
			);
			runOnlyForDeploymentPostprocessing = 0;
		};
		BCAC45D71FDAA80B002337B3 /* Sources */ = {
			isa = PBXSourcesBuildPhase;
			buildActionMask = 2147483647;
			files = (
				BCAC45E01FDAA80B002337B3 /* producthuntTests.swift in Sources */,
			);
			runOnlyForDeploymentPostprocessing = 0;
		};
/* End PBXSourcesBuildPhase section */

/* Begin PBXTargetDependency section */
		BCAC45DD1FDAA80B002337B3 /* PBXTargetDependency */ = {
			isa = PBXTargetDependency;
			target = BCAC45C61FDAA80B002337B3 /* producthunt */;
			targetProxy = BCAC45DC1FDAA80B002337B3 /* PBXContainerItemProxy */;
		};
/* End PBXTargetDependency section */

/* Begin PBXVariantGroup section */
		BCAC45CE1FDAA80B002337B3 /* Main.storyboard */ = {
			isa = PBXVariantGroup;
			children = (
				BCAC45CF1FDAA80B002337B3 /* Base */,
			);
			name = Main.storyboard;
			sourceTree = "<group>";
		};
		BCAC45D31FDAA80B002337B3 /* LaunchScreen.storyboard */ = {
			isa = PBXVariantGroup;
			children = (
				BCAC45D41FDAA80B002337B3 /* Base */,
			);
			name = LaunchScreen.storyboard;
			sourceTree = "<group>";
		};
/* End PBXVariantGroup section */

/* Begin XCBuildConfiguration section */
		BCAC45E21FDAA80B002337B3 /* Debug */ = {
			isa = XCBuildConfiguration;
			buildSettings = {
				ALWAYS_SEARCH_USER_PATHS = NO;
				CLANG_ANALYZER_NONNULL = YES;
				CLANG_ANALYZER_NUMBER_OBJECT_CONVERSION = YES_AGGRESSIVE;
				CLANG_CXX_LANGUAGE_STANDARD = "gnu++14";
				CLANG_CXX_LIBRARY = "libc++";
				CLANG_ENABLE_MODULES = YES;
				CLANG_ENABLE_OBJC_ARC = YES;
				CLANG_WARN_BLOCK_CAPTURE_AUTORELEASING = YES;
				CLANG_WARN_BOOL_CONVERSION = YES;
				CLANG_WARN_COMMA = YES;
				CLANG_WARN_CONSTANT_CONVERSION = YES;
				CLANG_WARN_DIRECT_OBJC_ISA_USAGE = YES_ERROR;
				CLANG_WARN_DOCUMENTATION_COMMENTS = YES;
				CLANG_WARN_EMPTY_BODY = YES;
				CLANG_WARN_ENUM_CONVERSION = YES;
				CLANG_WARN_INFINITE_RECURSION = YES;
				CLANG_WARN_INT_CONVERSION = YES;
				CLANG_WARN_NON_LITERAL_NULL_CONVERSION = YES;
				CLANG_WARN_OBJC_LITERAL_CONVERSION = YES;
				CLANG_WARN_OBJC_ROOT_CLASS = YES_ERROR;
				CLANG_WARN_RANGE_LOOP_ANALYSIS = YES;
				CLANG_WARN_STRICT_PROTOTYPES = YES;
				CLANG_WARN_SUSPICIOUS_MOVE = YES;
				CLANG_WARN_UNGUARDED_AVAILABILITY = YES_AGGRESSIVE;
				CLANG_WARN_UNREACHABLE_CODE = YES;
				CLANG_WARN__DUPLICATE_METHOD_MATCH = YES;
				CODE_SIGN_IDENTITY = "iPhone Developer";
				COPY_PHASE_STRIP = NO;
				DEBUG_INFORMATION_FORMAT = dwarf;
				ENABLE_STRICT_OBJC_MSGSEND = YES;
				ENABLE_TESTABILITY = YES;
				GCC_C_LANGUAGE_STANDARD = gnu11;
				GCC_DYNAMIC_NO_PIC = NO;
				GCC_NO_COMMON_BLOCKS = YES;
				GCC_OPTIMIZATION_LEVEL = 0;
				GCC_PREPROCESSOR_DEFINITIONS = (
					"DEBUG=1",
					"$(inherited)",
				);
				GCC_WARN_64_TO_32_BIT_CONVERSION = YES;
				GCC_WARN_ABOUT_RETURN_TYPE = YES_ERROR;
				GCC_WARN_UNDECLARED_SELECTOR = YES;
				GCC_WARN_UNINITIALIZED_AUTOS = YES_AGGRESSIVE;
				GCC_WARN_UNUSED_FUNCTION = YES;
				GCC_WARN_UNUSED_VARIABLE = YES;
				IPHONEOS_DEPLOYMENT_TARGET = 11.2;
				MTL_ENABLE_DEBUG_INFO = YES;
				ONLY_ACTIVE_ARCH = YES;
				SDKROOT = iphoneos;
				SWIFT_ACTIVE_COMPILATION_CONDITIONS = DEBUG;
				SWIFT_OPTIMIZATION_LEVEL = "-Onone";
			};
			name = Debug;
		};
		BCAC45E31FDAA80B002337B3 /* Release */ = {
			isa = XCBuildConfiguration;
			buildSettings = {
				ALWAYS_SEARCH_USER_PATHS = NO;
				CLANG_ANALYZER_NONNULL = YES;
				CLANG_ANALYZER_NUMBER_OBJECT_CONVERSION = YES_AGGRESSIVE;
				CLANG_CXX_LANGUAGE_STANDARD = "gnu++14";
				CLANG_CXX_LIBRARY = "libc++";
				CLANG_ENABLE_MODULES = YES;
				CLANG_ENABLE_OBJC_ARC = YES;
				CLANG_WARN_BLOCK_CAPTURE_AUTORELEASING = YES;
				CLANG_WARN_BOOL_CONVERSION = YES;
				CLANG_WARN_COMMA = YES;
				CLANG_WARN_CONSTANT_CONVERSION = YES;
				CLANG_WARN_DIRECT_OBJC_ISA_USAGE = YES_ERROR;
				CLANG_WARN_DOCUMENTATION_COMMENTS = YES;
				CLANG_WARN_EMPTY_BODY = YES;
				CLANG_WARN_ENUM_CONVERSION = YES;
				CLANG_WARN_INFINITE_RECURSION = YES;
				CLANG_WARN_INT_CONVERSION = YES;
				CLANG_WARN_NON_LITERAL_NULL_CONVERSION = YES;
				CLANG_WARN_OBJC_LITERAL_CONVERSION = YES;
				CLANG_WARN_OBJC_ROOT_CLASS = YES_ERROR;
				CLANG_WARN_RANGE_LOOP_ANALYSIS = YES;
				CLANG_WARN_STRICT_PROTOTYPES = YES;
				CLANG_WARN_SUSPICIOUS_MOVE = YES;
				CLANG_WARN_UNGUARDED_AVAILABILITY = YES_AGGRESSIVE;
				CLANG_WARN_UNREACHABLE_CODE = YES;
				CLANG_WARN__DUPLICATE_METHOD_MATCH = YES;
				CODE_SIGN_IDENTITY = "iPhone Developer";
				COPY_PHASE_STRIP = NO;
				DEBUG_INFORMATION_FORMAT = "dwarf-with-dsym";
				ENABLE_NS_ASSERTIONS = NO;
				ENABLE_STRICT_OBJC_MSGSEND = YES;
				GCC_C_LANGUAGE_STANDARD = gnu11;
				GCC_NO_COMMON_BLOCKS = YES;
				GCC_WARN_64_TO_32_BIT_CONVERSION = YES;
				GCC_WARN_ABOUT_RETURN_TYPE = YES_ERROR;
				GCC_WARN_UNDECLARED_SELECTOR = YES;
				GCC_WARN_UNINITIALIZED_AUTOS = YES_AGGRESSIVE;
				GCC_WARN_UNUSED_FUNCTION = YES;
				GCC_WARN_UNUSED_VARIABLE = YES;
				IPHONEOS_DEPLOYMENT_TARGET = 11.2;
				MTL_ENABLE_DEBUG_INFO = NO;
				SDKROOT = iphoneos;
				SWIFT_OPTIMIZATION_LEVEL = "-Owholemodule";
				VALIDATE_PRODUCT = YES;
			};
			name = Release;
		};
		BCAC45E51FDAA80B002337B3 /* Debug */ = {
			isa = XCBuildConfiguration;
			baseConfigurationReference = 950F905DA8215F2DB8E804AB /* Pods-producthunt.debug.xcconfig */;
			buildSettings = {
				ASSETCATALOG_COMPILER_APPICON_NAME = AppIcon;
				CODE_SIGN_STYLE = Automatic;
				DEVELOPMENT_TEAM = QPW4XRTF2N;
				INFOPLIST_FILE = producthunt/Info.plist;
				LD_RUNPATH_SEARCH_PATHS = "$(inherited) @executable_path/Frameworks";
				PRODUCT_BUNDLE_IDENTIFIER = info.bigears.producthunt;
				PRODUCT_NAME = "$(TARGET_NAME)";
				SWIFT_VERSION = 4.0;
				TARGETED_DEVICE_FAMILY = "1,2";
			};
			name = Debug;
		};
		BCAC45E61FDAA80B002337B3 /* Release */ = {
			isa = XCBuildConfiguration;
			baseConfigurationReference = C08F94E3693D652DCBA76911 /* Pods-producthunt.release.xcconfig */;
			buildSettings = {
				ASSETCATALOG_COMPILER_APPICON_NAME = AppIcon;
				CODE_SIGN_STYLE = Automatic;
				DEVELOPMENT_TEAM = QPW4XRTF2N;
				INFOPLIST_FILE = producthunt/Info.plist;
				LD_RUNPATH_SEARCH_PATHS = "$(inherited) @executable_path/Frameworks";
				PRODUCT_BUNDLE_IDENTIFIER = info.bigears.producthunt;
				PRODUCT_NAME = "$(TARGET_NAME)";
				SWIFT_VERSION = 4.0;
				TARGETED_DEVICE_FAMILY = "1,2";
			};
			name = Release;
		};
		BCAC45E81FDAA80B002337B3 /* Debug */ = {
			isa = XCBuildConfiguration;
			baseConfigurationReference = FAE6F57E1FCF7934768F9F4D /* Pods-producthuntTests.debug.xcconfig */;
			buildSettings = {
				ALWAYS_EMBED_SWIFT_STANDARD_LIBRARIES = YES;
				BUNDLE_LOADER = "$(TEST_HOST)";
				CODE_SIGN_STYLE = Automatic;
				DEVELOPMENT_TEAM = QPW4XRTF2N;
				INFOPLIST_FILE = producthuntTests/Info.plist;
				LD_RUNPATH_SEARCH_PATHS = "$(inherited) @executable_path/Frameworks @loader_path/Frameworks";
				PRODUCT_BUNDLE_IDENTIFIER = info.bigears.producthuntTests;
				PRODUCT_NAME = "$(TARGET_NAME)";
				SWIFT_VERSION = 4.0;
				TARGETED_DEVICE_FAMILY = "1,2";
				TEST_HOST = "$(BUILT_PRODUCTS_DIR)/producthunt.app/producthunt";
			};
			name = Debug;
		};
		BCAC45E91FDAA80B002337B3 /* Release */ = {
			isa = XCBuildConfiguration;
			baseConfigurationReference = 37D137F4F1E027512D9CB076 /* Pods-producthuntTests.release.xcconfig */;
			buildSettings = {
				ALWAYS_EMBED_SWIFT_STANDARD_LIBRARIES = YES;
				BUNDLE_LOADER = "$(TEST_HOST)";
				CODE_SIGN_STYLE = Automatic;
				DEVELOPMENT_TEAM = QPW4XRTF2N;
				INFOPLIST_FILE = producthuntTests/Info.plist;
				LD_RUNPATH_SEARCH_PATHS = "$(inherited) @executable_path/Frameworks @loader_path/Frameworks";
				PRODUCT_BUNDLE_IDENTIFIER = info.bigears.producthuntTests;
				PRODUCT_NAME = "$(TARGET_NAME)";
				SWIFT_VERSION = 4.0;
				TARGETED_DEVICE_FAMILY = "1,2";
				TEST_HOST = "$(BUILT_PRODUCTS_DIR)/producthunt.app/producthunt";
			};
			name = Release;
		};
/* End XCBuildConfiguration section */

/* Begin XCConfigurationList section */
		BCAC45C21FDAA80B002337B3 /* Build configuration list for PBXProject "producthunt" */ = {
			isa = XCConfigurationList;
			buildConfigurations = (
				BCAC45E21FDAA80B002337B3 /* Debug */,
				BCAC45E31FDAA80B002337B3 /* Release */,
			);
			defaultConfigurationIsVisible = 0;
			defaultConfigurationName = Release;
		};
		BCAC45E41FDAA80B002337B3 /* Build configuration list for PBXNativeTarget "producthunt" */ = {
			isa = XCConfigurationList;
			buildConfigurations = (
				BCAC45E51FDAA80B002337B3 /* Debug */,
				BCAC45E61FDAA80B002337B3 /* Release */,
			);
			defaultConfigurationIsVisible = 0;
			defaultConfigurationName = Release;
		};
		BCAC45E71FDAA80B002337B3 /* Build configuration list for PBXNativeTarget "producthuntTests" */ = {
			isa = XCConfigurationList;
			buildConfigurations = (
				BCAC45E81FDAA80B002337B3 /* Debug */,
				BCAC45E91FDAA80B002337B3 /* Release */,
			);
			defaultConfigurationIsVisible = 0;
			defaultConfigurationName = Release;
		};
/* End XCConfigurationList section */
	};
	rootObject = BCAC45BF1FDAA80B002337B3 /* Project object */;
}
